
Microsoft Visual Studio Solution File, Format Version 12.00
# Visual Studio 15
VisualStudioVersion = 15.0.27428.1
MinimumVisualStudioVersion = 10.0.40219.1
Project("{8BC9CEB8-8B4A-11D0-8D11-00A0C91BC942}") = "GameOn3x-Nathaniel", "GameOn3x-Nathaniel\GameOn3x-Nathaniel.vcxproj", "{BFC4EBF7-7744-44B9-8CBD-2F1E789D13AD}"
EndProject
Global
	GlobalSection(SolutionConfigurationPlatforms) = preSolution
		Debug|x64 = Debug|x64
		Debug|x86 = Debug|x86
		Release|x64 = Release|x64
		Release|x86 = Release|x86
	EndGlobalSection
	GlobalSection(ProjectConfigurationPlatforms) = postSolution
		{BFC4EBF7-7744-44B9-8CBD-2F1E789D13AD}.Debug|x64.ActiveCfg = Debug|x64
		{BFC4EBF7-7744-44B9-8CBD-2F1E789D13AD}.Debug|x64.Build.0 = Debug|x64
		{BFC4EBF7-7744-44B9-8CBD-2F1E789D13AD}.Debug|x86.ActiveCfg = Debug|Win32
		{BFC4EBF7-7744-44B9-8CBD-2F1E789D13AD}.Debug|x86.Build.0 = Debug|Win32
		{BFC4EBF7-7744-44B9-8CBD-2F1E789D13AD}.Release|x64.ActiveCfg = Release|x64
		{BFC4EBF7-7744-44B9-8CBD-2F1E789D13AD}.Release|x64.Build.0 = Release|x64
		{BFC4EBF7-7744-44B9-8CBD-2F1E789D13AD}.Release|x86.ActiveCfg = Release|Win32
		{BFC4EBF7-7744-44B9-8CBD-2F1E789D13AD}.Release|x86.Build.0 = Release|Win32
	EndGlobalSection
	GlobalSection(SolutionProperties) = preSolution
		HideSolutionNode = FALSE
	EndGlobalSection
	GlobalSection(ExtensibilityGlobals) = postSolution
		SolutionGuid = {C96BC378-BB6C-4BF1-90F5-DECDA297DDA4}
	EndGlobalSection
EndGlobal
